
Microsoft Visual Studio Solution File, Format Version 12.00
# Visual Studio Version 17
VisualStudioVersion = 17.0.32126.317
MinimumVisualStudioVersion = 10.0.40219.1
Project("{FAE04EC0-301F-11D3-BF4B-00C04F79EFBC}") = "CalculatorProject", "CalculatorProject\CalculatorProject.csproj", "{60681C3F-3005-4D57-92C1-B5403FB8415B}"
EndProject
Global
	GlobalSection(SolutionConfigurationPlatforms) = preSolution
		Debug|Any CPU = Debug|Any CPU
		Release|Any CPU = Release|Any CPU
	EndGlobalSection
	GlobalSection(ProjectConfigurationPlatforms) = postSolution
		{60681C3F-3005-4D57-92C1-B5403FB8415B}.Debug|Any CPU.ActiveCfg = Debug|Any CPU
		{60681C3F-3005-4D57-92C1-B5403FB8415B}.Debug|Any CPU.Build.0 = Debug|Any CPU
		{60681C3F-3005-4D57-92C1-B5403FB8415B}.Release|Any CPU.ActiveCfg = Release|Any CPU
		{60681C3F-3005-4D57-92C1-B5403FB8415B}.Release|Any CPU.Build.0 = Release|Any CPU
	EndGlobalSection
	GlobalSection(SolutionProperties) = preSolution
		HideSolutionNode = FALSE
	EndGlobalSection
	GlobalSection(ExtensibilityGlobals) = postSolution
		SolutionGuid = {01C4D4C8-D1BE-4C13-89D5-D15BFAE65584}
	EndGlobalSection
EndGlobal
